// !$*UTF8*$!
{
	archiveVersion = 1;
	classes = {
	};
	objectVersion = 50;
	objects = {

/* Begin PBXBuildFile section */
		DC13363123E3D27400CE1784 /* parse.cpp in Sources */ = {isa = PBXBuildFile; fileRef = DC13362C23E3D27400CE1784 /* parse.cpp */; };
		DC13363223E3D27400CE1784 /* main.cpp in Sources */ = {isa = PBXBuildFile; fileRef = DC13362E23E3D27400CE1784 /* main.cpp */; };
		DC13363323E3D27400CE1784 /* expr.cpp in Sources */ = {isa = PBXBuildFile; fileRef = DC13362F23E3D27400CE1784 /* expr.cpp */; };
		DC13363423E3D27400CE1784 /* value.cpp in Sources */ = {isa = PBXBuildFile; fileRef = DC13363023E3D27400CE1784 /* value.cpp */; };
		DC13363A23E3D2BB00CE1784 /* exec.cpp in Sources */ = {isa = PBXBuildFile; fileRef = DC13363623E3D2BB00CE1784 /* exec.cpp */; };
		DC13363B23E3D2BB00CE1784 /* fuzz.cpp in Sources */ = {isa = PBXBuildFile; fileRef = DC13363923E3D2BB00CE1784 /* fuzz.cpp */; };
		DC13364C23E3D3BB00CE1784 /* run.cpp in Sources */ = {isa = PBXBuildFile; fileRef = DC13364823E3D3BB00CE1784 /* run.cpp */; };
		DC13364D23E3D3BB00CE1784 /* test.m in Sources */ = {isa = PBXBuildFile; fileRef = DC13364A23E3D3BB00CE1784 /* test.m */; };
		DC13364E23E3D3BB00CE1784 /* Info.plist in Resources */ = {isa = PBXBuildFile; fileRef = DC13364B23E3D3BB00CE1784 /* Info.plist */; };
		DC13365123E3D8D000CE1784 /* rand_expr.cpp in Sources */ = {isa = PBXBuildFile; fileRef = DC13364F23E3D8D000CE1784 /* rand_expr.cpp */; };
		DC44E90723E9FC7C00E08F9F /* fuzz.cpp in Sources */ = {isa = PBXBuildFile; fileRef = DC13363923E3D2BB00CE1784 /* fuzz.cpp */; };
		DC44E90823E9FC8800E08F9F /* exec.cpp in Sources */ = {isa = PBXBuildFile; fileRef = DC13363623E3D2BB00CE1784 /* exec.cpp */; };
		DC44E90923E9FC8D00E08F9F /* rand_expr.cpp in Sources */ = {isa = PBXBuildFile; fileRef = DC13364F23E3D8D000CE1784 /* rand_expr.cpp */; };
		DC44E90A23E9FC9000E08F9F /* expr.cpp in Sources */ = {isa = PBXBuildFile; fileRef = DC13362F23E3D27400CE1784 /* expr.cpp */; };
		DC44E90C23E9FC9700E08F9F /* parse.cpp in Sources */ = {isa = PBXBuildFile; fileRef = DC13362C23E3D27400CE1784 /* parse.cpp */; };
		DC44E90D23E9FC9A00E08F9F /* value.cpp in Sources */ = {isa = PBXBuildFile; fileRef = DC13363023E3D27400CE1784 /* value.cpp */; };
/* End PBXBuildFile section */

/* Begin PBXCopyFilesBuildPhase section */
		DC13361B23E3D20F00CE1784 /* CopyFiles */ = {
			isa = PBXCopyFilesBuildPhase;
			buildActionMask = 2147483647;
			dstPath = /usr/share/man/man1/;
			dstSubfolderSpec = 0;
			files = (
			);
			runOnlyForDeploymentPostprocessing = 1;
		};
/* End PBXCopyFilesBuildPhase section */

/* Begin PBXFileReference section */
		DC13361D23E3D20F00CE1784 /* Interpreter */ = {isa = PBXFileReference; explicitFileType = "compiled.mach-o.executable"; includeInIndex = 0; path = Interpreter; sourceTree = BUILT_PRODUCTS_DIR; };
		DC13362923E3D27400CE1784 /* parse.hpp */ = {isa = PBXFileReference; fileEncoding = 4; lastKnownFileType = sourcecode.cpp.h; path = parse.hpp; sourceTree = "<group>"; };
		DC13362A23E3D27400CE1784 /* value.hpp */ = {isa = PBXFileReference; fileEncoding = 4; lastKnownFileType = sourcecode.cpp.h; path = value.hpp; sourceTree = "<group>"; };
		DC13362B23E3D27400CE1784 /* expr.hpp */ = {isa = PBXFileReference; fileEncoding = 4; lastKnownFileType = sourcecode.cpp.h; path = expr.hpp; sourceTree = "<group>"; };
		DC13362C23E3D27400CE1784 /* parse.cpp */ = {isa = PBXFileReference; fileEncoding = 4; lastKnownFileType = sourcecode.cpp.cpp; path = parse.cpp; sourceTree = "<group>"; };
		DC13362D23E3D27400CE1784 /* catch.hpp */ = {isa = PBXFileReference; fileEncoding = 4; lastKnownFileType = sourcecode.cpp.h; path = catch.hpp; sourceTree = "<group>"; };
		DC13362E23E3D27400CE1784 /* main.cpp */ = {isa = PBXFileReference; fileEncoding = 4; lastKnownFileType = sourcecode.cpp.cpp; path = main.cpp; sourceTree = "<group>"; };
		DC13362F23E3D27400CE1784 /* expr.cpp */ = {isa = PBXFileReference; fileEncoding = 4; lastKnownFileType = sourcecode.cpp.cpp; path = expr.cpp; sourceTree = "<group>"; };
		DC13363023E3D27400CE1784 /* value.cpp */ = {isa = PBXFileReference; fileEncoding = 4; lastKnownFileType = sourcecode.cpp.cpp; path = value.cpp; sourceTree = "<group>"; };
		DC13363623E3D2BB00CE1784 /* exec.cpp */ = {isa = PBXFileReference; fileEncoding = 4; lastKnownFileType = sourcecode.cpp.cpp; path = exec.cpp; sourceTree = "<group>"; };
		DC13363723E3D2BB00CE1784 /* fuzz.hpp */ = {isa = PBXFileReference; fileEncoding = 4; lastKnownFileType = sourcecode.cpp.h; path = fuzz.hpp; sourceTree = "<group>"; };
		DC13363823E3D2BB00CE1784 /* exec.hpp */ = {isa = PBXFileReference; fileEncoding = 4; lastKnownFileType = sourcecode.cpp.h; path = exec.hpp; sourceTree = "<group>"; };
		DC13363923E3D2BB00CE1784 /* fuzz.cpp */ = {isa = PBXFileReference; fileEncoding = 4; lastKnownFileType = sourcecode.cpp.cpp; path = fuzz.cpp; sourceTree = "<group>"; };
		DC13364023E3D34400CE1784 /* test.xctest */ = {isa = PBXFileReference; explicitFileType = wrapper.cfbundle; includeInIndex = 0; path = test.xctest; sourceTree = BUILT_PRODUCTS_DIR; };
		DC13364823E3D3BB00CE1784 /* run.cpp */ = {isa = PBXFileReference; fileEncoding = 4; lastKnownFileType = sourcecode.cpp.cpp; path = run.cpp; sourceTree = "<group>"; };
		DC13364923E3D3BB00CE1784 /* run.h */ = {isa = PBXFileReference; fileEncoding = 4; lastKnownFileType = sourcecode.c.h; path = run.h; sourceTree = "<group>"; };
		DC13364A23E3D3BB00CE1784 /* test.m */ = {isa = PBXFileReference; fileEncoding = 4; lastKnownFileType = sourcecode.c.objc; path = test.m; sourceTree = "<group>"; };
		DC13364B23E3D3BB00CE1784 /* Info.plist */ = {isa = PBXFileReference; fileEncoding = 4; lastKnownFileType = text.plist.xml; path = Info.plist; sourceTree = "<group>"; };
		DC13364F23E3D8D000CE1784 /* rand_expr.cpp */ = {isa = PBXFileReference; lastKnownFileType = sourcecode.cpp.cpp; path = rand_expr.cpp; sourceTree = "<group>"; };
		DC13365023E3D8D000CE1784 /* rand_expr.hpp */ = {isa = PBXFileReference; lastKnownFileType = sourcecode.cpp.h; path = rand_expr.hpp; sourceTree = "<group>"; };
/* End PBXFileReference section */

/* Begin PBXFrameworksBuildPhase section */
		DC13361A23E3D20F00CE1784 /* Frameworks */ = {
			isa = PBXFrameworksBuildPhase;
			buildActionMask = 2147483647;
			files = (
			);
			runOnlyForDeploymentPostprocessing = 0;
		};
		DC13363D23E3D34400CE1784 /* Frameworks */ = {
			isa = PBXFrameworksBuildPhase;
			buildActionMask = 2147483647;
			files = (
			);
			runOnlyForDeploymentPostprocessing = 0;
		};
/* End PBXFrameworksBuildPhase section */

/* Begin PBXGroup section */
		DC13361423E3D20F00CE1784 = {
			isa = PBXGroup;
			children = (
				DC13363523E3D2AC00CE1784 /* fuzz_test */,
				DC13361F23E3D20F00CE1784 /* Interpreter */,
				DC13364123E3D34400CE1784 /* test */,
				DC13361E23E3D20F00CE1784 /* Products */,
			);
			sourceTree = "<group>";
		};
		DC13361E23E3D20F00CE1784 /* Products */ = {
			isa = PBXGroup;
			children = (
				DC13361D23E3D20F00CE1784 /* Interpreter */,
				DC13364023E3D34400CE1784 /* test.xctest */,
			);
			name = Products;
			sourceTree = "<group>";
		};
		DC13361F23E3D20F00CE1784 /* Interpreter */ = {
			isa = PBXGroup;
			children = (
				DC13362F23E3D27400CE1784 /* expr.cpp */,
				DC13362B23E3D27400CE1784 /* expr.hpp */,
				DC13362E23E3D27400CE1784 /* main.cpp */,
				DC13362C23E3D27400CE1784 /* parse.cpp */,
				DC13362923E3D27400CE1784 /* parse.hpp */,
				DC13363023E3D27400CE1784 /* value.cpp */,
				DC13362A23E3D27400CE1784 /* value.hpp */,
				DC13362D23E3D27400CE1784 /* catch.hpp */,
			);
			path = Interpreter;
			sourceTree = "<group>";
		};
		DC13363523E3D2AC00CE1784 /* fuzz_test */ = {
			isa = PBXGroup;
			children = (
				DC13363623E3D2BB00CE1784 /* exec.cpp */,
				DC13363823E3D2BB00CE1784 /* exec.hpp */,
				DC13363923E3D2BB00CE1784 /* fuzz.cpp */,
				DC13363723E3D2BB00CE1784 /* fuzz.hpp */,
				DC13364F23E3D8D000CE1784 /* rand_expr.cpp */,
				DC13365023E3D8D000CE1784 /* rand_expr.hpp */,
			);
			path = fuzz_test;
			sourceTree = "<group>";
		};
		DC13364123E3D34400CE1784 /* test */ = {
			isa = PBXGroup;
			children = (
				DC13364B23E3D3BB00CE1784 /* Info.plist */,
				DC13364823E3D3BB00CE1784 /* run.cpp */,
				DC13364923E3D3BB00CE1784 /* run.h */,
				DC13364A23E3D3BB00CE1784 /* test.m */,
			);
			path = test;
			sourceTree = "<group>";
		};
/* End PBXGroup section */

/* Begin PBXNativeTarget section */
		DC13361C23E3D20F00CE1784 /* Interpreter */ = {
			isa = PBXNativeTarget;
			buildConfigurationList = DC13362423E3D20F00CE1784 /* Build configuration list for PBXNativeTarget "Interpreter" */;
			buildPhases = (
				DC13361923E3D20F00CE1784 /* Sources */,
				DC13361A23E3D20F00CE1784 /* Frameworks */,
				DC13361B23E3D20F00CE1784 /* CopyFiles */,
			);
			buildRules = (
			);
			dependencies = (
			);
			name = Interpreter;
			productName = Interpreter;
			productReference = DC13361D23E3D20F00CE1784 /* Interpreter */;
			productType = "com.apple.product-type.tool";
		};
		DC13363F23E3D34400CE1784 /* test */ = {
			isa = PBXNativeTarget;
			buildConfigurationList = DC13364523E3D34400CE1784 /* Build configuration list for PBXNativeTarget "test" */;
			buildPhases = (
				DC13363C23E3D34400CE1784 /* Sources */,
				DC13363D23E3D34400CE1784 /* Frameworks */,
				DC13363E23E3D34400CE1784 /* Resources */,
			);
			buildRules = (
			);
			dependencies = (
			);
			name = test;
			productName = test;
			productReference = DC13364023E3D34400CE1784 /* test.xctest */;
			productType = "com.apple.product-type.bundle.unit-test";
		};
/* End PBXNativeTarget section */

/* Begin PBXProject section */
		DC13361523E3D20F00CE1784 /* Project object */ = {
			isa = PBXProject;
			attributes = {
				LastUpgradeCheck = 1130;
				ORGANIZATIONNAME = "Xuefeng Xu";
				TargetAttributes = {
					DC13361C23E3D20F00CE1784 = {
						CreatedOnToolsVersion = 11.3.1;
					};
					DC13363F23E3D34400CE1784 = {
						CreatedOnToolsVersion = 11.3.1;
					};
				};
			};
			buildConfigurationList = DC13361823E3D20F00CE1784 /* Build configuration list for PBXProject "Interpreter" */;
			compatibilityVersion = "Xcode 9.3";
			developmentRegion = en;
			hasScannedForEncodings = 0;
			knownRegions = (
				en,
				Base,
			);
			mainGroup = DC13361423E3D20F00CE1784;
			productRefGroup = DC13361E23E3D20F00CE1784 /* Products */;
			projectDirPath = "";
			projectRoot = "";
			targets = (
				DC13361C23E3D20F00CE1784 /* Interpreter */,
				DC13363F23E3D34400CE1784 /* test */,
			);
		};
/* End PBXProject section */

/* Begin PBXResourcesBuildPhase section */
		DC13363E23E3D34400CE1784 /* Resources */ = {
			isa = PBXResourcesBuildPhase;
			buildActionMask = 2147483647;
			files = (
				DC13364E23E3D3BB00CE1784 /* Info.plist in Resources */,
			);
			runOnlyForDeploymentPostprocessing = 0;
		};
/* End PBXResourcesBuildPhase section */

/* Begin PBXSourcesBuildPhase section */
		DC13361923E3D20F00CE1784 /* Sources */ = {
			isa = PBXSourcesBuildPhase;
			buildActionMask = 2147483647;
			files = (
				DC13363223E3D27400CE1784 /* main.cpp in Sources */,
				DC13363123E3D27400CE1784 /* parse.cpp in Sources */,
				DC13363B23E3D2BB00CE1784 /* fuzz.cpp in Sources */,
				DC13363323E3D27400CE1784 /* expr.cpp in Sources */,
				DC13363A23E3D2BB00CE1784 /* exec.cpp in Sources */,
				DC13363423E3D27400CE1784 /* value.cpp in Sources */,
				DC13365123E3D8D000CE1784 /* rand_expr.cpp in Sources */,
			);
			runOnlyForDeploymentPostprocessing = 0;
		};
		DC13363C23E3D34400CE1784 /* Sources */ = {
			isa = PBXSourcesBuildPhase;
			buildActionMask = 2147483647;
			files = (
				DC44E90923E9FC8D00E08F9F /* rand_expr.cpp in Sources */,
				DC44E90723E9FC7C00E08F9F /* fuzz.cpp in Sources */,
				DC44E90A23E9FC9000E08F9F /* expr.cpp in Sources */,
				DC13364C23E3D3BB00CE1784 /* run.cpp in Sources */,
				DC44E90D23E9FC9A00E08F9F /* value.cpp in Sources */,
				DC44E90C23E9FC9700E08F9F /* parse.cpp in Sources */,
				DC44E90823E9FC8800E08F9F /* exec.cpp in Sources */,
				DC13364D23E3D3BB00CE1784 /* test.m in Sources */,
			);
			runOnlyForDeploymentPostprocessing = 0;
		};
/* End PBXSourcesBuildPhase section */

/* Begin XCBuildConfiguration section */
		DC13362223E3D20F00CE1784 /* Debug */ = {
			isa = XCBuildConfiguration;
			buildSettings = {
				ALWAYS_SEARCH_USER_PATHS = NO;
				CLANG_ANALYZER_NONNULL = YES;
				CLANG_ANALYZER_NUMBER_OBJECT_CONVERSION = YES_AGGRESSIVE;
				CLANG_CXX_LANGUAGE_STANDARD = "gnu++14";
				CLANG_CXX_LIBRARY = "libc++";
				CLANG_ENABLE_MODULES = YES;
				CLANG_ENABLE_OBJC_ARC = YES;
				CLANG_ENABLE_OBJC_WEAK = YES;
				CLANG_WARN_BLOCK_CAPTURE_AUTORELEASING = YES;
				CLANG_WARN_BOOL_CONVERSION = YES;
				CLANG_WARN_COMMA = YES;
				CLANG_WARN_CONSTANT_CONVERSION = YES;
				CLANG_WARN_DEPRECATED_OBJC_IMPLEMENTATIONS = YES;
				CLANG_WARN_DIRECT_OBJC_ISA_USAGE = YES_ERROR;
				CLANG_WARN_DOCUMENTATION_COMMENTS = YES;
				CLANG_WARN_EMPTY_BODY = YES;
				CLANG_WARN_ENUM_CONVERSION = YES;
				CLANG_WARN_INFINITE_RECURSION = YES;
				CLANG_WARN_INT_CONVERSION = YES;
				CLANG_WARN_NON_LITERAL_NULL_CONVERSION = YES;
				CLANG_WARN_OBJC_IMPLICIT_RETAIN_SELF = YES;
				CLANG_WARN_OBJC_LITERAL_CONVERSION = YES;
				CLANG_WARN_OBJC_ROOT_CLASS = YES_ERROR;
				CLANG_WARN_RANGE_LOOP_ANALYSIS = YES;
				CLANG_WARN_STRICT_PROTOTYPES = YES;
				CLANG_WARN_SUSPICIOUS_MOVE = YES;
				CLANG_WARN_UNGUARDED_AVAILABILITY = YES_AGGRESSIVE;
				CLANG_WARN_UNREACHABLE_CODE = YES;
				CLANG_WARN__DUPLICATE_METHOD_MATCH = YES;
				COPY_PHASE_STRIP = NO;
				DEBUG_INFORMATION_FORMAT = dwarf;
				ENABLE_STRICT_OBJC_MSGSEND = YES;
				ENABLE_TESTABILITY = YES;
				GCC_C_LANGUAGE_STANDARD = gnu11;
				GCC_DYNAMIC_NO_PIC = NO;
				GCC_NO_COMMON_BLOCKS = YES;
				GCC_OPTIMIZATION_LEVEL = 0;
				GCC_PREPROCESSOR_DEFINITIONS = (
					"DEBUG=1",
					"$(inherited)",
				);
				GCC_WARN_64_TO_32_BIT_CONVERSION = YES;
				GCC_WARN_ABOUT_RETURN_TYPE = YES_ERROR;
				GCC_WARN_UNDECLARED_SELECTOR = YES;
				GCC_WARN_UNINITIALIZED_AUTOS = YES_AGGRESSIVE;
				GCC_WARN_UNUSED_FUNCTION = YES;
				GCC_WARN_UNUSED_VARIABLE = YES;
				MACOSX_DEPLOYMENT_TARGET = 10.15;
				MTL_ENABLE_DEBUG_INFO = INCLUDE_SOURCE;
				MTL_FAST_MATH = YES;
				ONLY_ACTIVE_ARCH = YES;
				SDKROOT = macosx;
			};
			name = Debug;
		};
		DC13362323E3D20F00CE1784 /* Release */ = {
			isa = XCBuildConfiguration;
			buildSettings = {
				ALWAYS_SEARCH_USER_PATHS = NO;
				CLANG_ANALYZER_NONNULL = YES;
				CLANG_ANALYZER_NUMBER_OBJECT_CONVERSION = YES_AGGRESSIVE;
				CLANG_CXX_LANGUAGE_STANDARD = "gnu++14";
				CLANG_CXX_LIBRARY = "libc++";
				CLANG_ENABLE_MODULES = YES;
				CLANG_ENABLE_OBJC_ARC = YES;
				CLANG_ENABLE_OBJC_WEAK = YES;
				CLANG_WARN_BLOCK_CAPTURE_AUTORELEASING = YES;
				CLANG_WARN_BOOL_CONVERSION = YES;
				CLANG_WARN_COMMA = YES;
				CLANG_WARN_CONSTANT_CONVERSION = YES;
				CLANG_WARN_DEPRECATED_OBJC_IMPLEMENTATIONS = YES;
				CLANG_WARN_DIRECT_OBJC_ISA_USAGE = YES_ERROR;
				CLANG_WARN_DOCUMENTATION_COMMENTS = YES;
				CLANG_WARN_EMPTY_BODY = YES;
				CLANG_WARN_ENUM_CONVERSION = YES;
				CLANG_WARN_INFINITE_RECURSION = YES;
				CLANG_WARN_INT_CONVERSION = YES;
				CLANG_WARN_NON_LITERAL_NULL_CONVERSION = YES;
				CLANG_WARN_OBJC_IMPLICIT_RETAIN_SELF = YES;
				CLANG_WARN_OBJC_LITERAL_CONVERSION = YES;
				CLANG_WARN_OBJC_ROOT_CLASS = YES_ERROR;
				CLANG_WARN_RANGE_LOOP_ANALYSIS = YES;
				CLANG_WARN_STRICT_PROTOTYPES = YES;
				CLANG_WARN_SUSPICIOUS_MOVE = YES;
				CLANG_WARN_UNGUARDED_AVAILABILITY = YES_AGGRESSIVE;
				CLANG_WARN_UNREACHABLE_CODE = YES;
				CLANG_WARN__DUPLICATE_METHOD_MATCH = YES;
				COPY_PHASE_STRIP = NO;
				DEBUG_INFORMATION_FORMAT = "dwarf-with-dsym";
				ENABLE_NS_ASSERTIONS = NO;
				ENABLE_STRICT_OBJC_MSGSEND = YES;
				GCC_C_LANGUAGE_STANDARD = gnu11;
				GCC_NO_COMMON_BLOCKS = YES;
				GCC_WARN_64_TO_32_BIT_CONVERSION = YES;
				GCC_WARN_ABOUT_RETURN_TYPE = YES_ERROR;
				GCC_WARN_UNDECLARED_SELECTOR = YES;
				GCC_WARN_UNINITIALIZED_AUTOS = YES_AGGRESSIVE;
				GCC_WARN_UNUSED_FUNCTION = YES;
				GCC_WARN_UNUSED_VARIABLE = YES;
				MACOSX_DEPLOYMENT_TARGET = 10.15;
				MTL_ENABLE_DEBUG_INFO = NO;
				MTL_FAST_MATH = YES;
				SDKROOT = macosx;
			};
			name = Release;
		};
		DC13362523E3D20F00CE1784 /* Debug */ = {
			isa = XCBuildConfiguration;
			buildSettings = {
				CODE_SIGN_STYLE = Automatic;
				PRODUCT_NAME = "$(TARGET_NAME)";
			};
			name = Debug;
		};
		DC13362623E3D20F00CE1784 /* Release */ = {
			isa = XCBuildConfiguration;
			buildSettings = {
				CODE_SIGN_STYLE = Automatic;
				PRODUCT_NAME = "$(TARGET_NAME)";
			};
			name = Release;
		};
		DC13364623E3D34400CE1784 /* Debug */ = {
			isa = XCBuildConfiguration;
			buildSettings = {
				CODE_SIGN_STYLE = Automatic;
				COMBINE_HIDPI_IMAGES = YES;
				INFOPLIST_FILE = test/Info.plist;
				LD_RUNPATH_SEARCH_PATHS = (
					"$(inherited)",
					"@executable_path/../Frameworks",
					"@loader_path/../Frameworks",
				);
				PRODUCT_BUNDLE_IDENTIFIER = com.xuefengxu.test;
				PRODUCT_NAME = "$(TARGET_NAME)";
			};
			name = Debug;
		};
		DC13364723E3D34400CE1784 /* Release */ = {
			isa = XCBuildConfiguration;
			buildSettings = {
				CODE_SIGN_STYLE = Automatic;
				COMBINE_HIDPI_IMAGES = YES;
				INFOPLIST_FILE = test/Info.plist;
				LD_RUNPATH_SEARCH_PATHS = (
					"$(inherited)",
					"@executable_path/../Frameworks",
					"@loader_path/../Frameworks",
				);
				PRODUCT_BUNDLE_IDENTIFIER = com.xuefengxu.test;
				PRODUCT_NAME = "$(TARGET_NAME)";
			};
			name = Release;
		};
/* End XCBuildConfiguration section */

/* Begin XCConfigurationList section */
		DC13361823E3D20F00CE1784 /* Build configuration list for PBXProject "Interpreter" */ = {
			isa = XCConfigurationList;
			buildConfigurations = (
				DC13362223E3D20F00CE1784 /* Debug */,
				DC13362323E3D20F00CE1784 /* Release */,
			);
			defaultConfigurationIsVisible = 0;
			defaultConfigurationName = Release;
		};
		DC13362423E3D20F00CE1784 /* Build configuration list for PBXNativeTarget "Interpreter" */ = {
			isa = XCConfigurationList;
			buildConfigurations = (
				DC13362523E3D20F00CE1784 /* Debug */,
				DC13362623E3D20F00CE1784 /* Release */,
			);
			defaultConfigurationIsVisible = 0;
			defaultConfigurationName = Release;
		};
		DC13364523E3D34400CE1784 /* Build configuration list for PBXNativeTarget "test" */ = {
			isa = XCConfigurationList;
			buildConfigurations = (
				DC13364623E3D34400CE1784 /* Debug */,
				DC13364723E3D34400CE1784 /* Release */,
			);
			defaultConfigurationIsVisible = 0;
			defaultConfigurationName = Release;
		};
/* End XCConfigurationList section */
	};
	rootObject = DC13361523E3D20F00CE1784 /* Project object */;
}
