// !$*UTF8*$!
{
	archiveVersion = 1;
	classes = {
	};
	objectVersion = 50;
	objects = {

/* Begin PBXBuildFile section */
		DCD4143723D6A139006E807F /* parse.cpp in Sources */ = {isa = PBXBuildFile; fileRef = DCD4143523D6A139006E807F /* parse.cpp */; };
		DCD4143923D79560006E807F /* expr.cpp in Sources */ = {isa = PBXBuildFile; fileRef = DCD4143823D79560006E807F /* expr.cpp */; };
		DCD4143C23D79596006E807F /* value.cpp in Sources */ = {isa = PBXBuildFile; fileRef = DCD4143A23D79596006E807F /* value.cpp */; };
		DCD4143F23D795E8006E807F /* main.cpp in Sources */ = {isa = PBXBuildFile; fileRef = DCD4143E23D795E8006E807F /* main.cpp */; };
		DCD4144723D7CC38006E807F /* test.m in Sources */ = {isa = PBXBuildFile; fileRef = DCD4144623D7CC38006E807F /* test.m */; };
		DCD4144E23D7CDF7006E807F /* run.cpp in Sources */ = {isa = PBXBuildFile; fileRef = DCD4144D23D7CDF7006E807F /* run.cpp */; };
		DCD4145123D8FBBD006E807F /* optimizer.cpp in Sources */ = {isa = PBXBuildFile; fileRef = DCD4144F23D8FBBD006E807F /* optimizer.cpp */; };
/* End PBXBuildFile section */

/* Begin PBXCopyFilesBuildPhase section */
		DCD4141F23D69F0C006E807F /* CopyFiles */ = {
			isa = PBXCopyFilesBuildPhase;
			buildActionMask = 2147483647;
			dstPath = /usr/share/man/man1/;
			dstSubfolderSpec = 0;
			files = (
			);
			runOnlyForDeploymentPostprocessing = 1;
		};
/* End PBXCopyFilesBuildPhase section */

/* Begin PBXFileReference section */
		DCD4142123D69F0C006E807F /* Arithmetic Calculator and Optimizer */ = {isa = PBXFileReference; explicitFileType = "compiled.mach-o.executable"; includeInIndex = 0; path = "Arithmetic Calculator and Optimizer"; sourceTree = BUILT_PRODUCTS_DIR; };
		DCD4143423D6A139006E807F /* catch.hpp */ = {isa = PBXFileReference; fileEncoding = 4; lastKnownFileType = sourcecode.cpp.h; path = catch.hpp; sourceTree = "<group>"; };
		DCD4143523D6A139006E807F /* parse.cpp */ = {isa = PBXFileReference; fileEncoding = 4; lastKnownFileType = sourcecode.cpp.cpp; path = parse.cpp; sourceTree = "<group>"; };
		DCD4143623D6A139006E807F /* expr.hpp */ = {isa = PBXFileReference; fileEncoding = 4; lastKnownFileType = sourcecode.cpp.h; path = expr.hpp; sourceTree = "<group>"; };
		DCD4143823D79560006E807F /* expr.cpp */ = {isa = PBXFileReference; lastKnownFileType = sourcecode.cpp.cpp; path = expr.cpp; sourceTree = "<group>"; };
		DCD4143A23D79596006E807F /* value.cpp */ = {isa = PBXFileReference; lastKnownFileType = sourcecode.cpp.cpp; path = value.cpp; sourceTree = "<group>"; };
		DCD4143B23D79596006E807F /* value.hpp */ = {isa = PBXFileReference; lastKnownFileType = sourcecode.cpp.h; path = value.hpp; sourceTree = "<group>"; };
		DCD4143D23D795AD006E807F /* parse.hpp */ = {isa = PBXFileReference; lastKnownFileType = sourcecode.cpp.h; path = parse.hpp; sourceTree = "<group>"; };
		DCD4143E23D795E8006E807F /* main.cpp */ = {isa = PBXFileReference; lastKnownFileType = sourcecode.cpp.cpp; path = main.cpp; sourceTree = "<group>"; };
		DCD4144423D7CC38006E807F /* test.xctest */ = {isa = PBXFileReference; explicitFileType = wrapper.cfbundle; includeInIndex = 0; path = test.xctest; sourceTree = BUILT_PRODUCTS_DIR; };
		DCD4144623D7CC38006E807F /* test.m */ = {isa = PBXFileReference; lastKnownFileType = sourcecode.c.objc; path = test.m; sourceTree = "<group>"; };
		DCD4144823D7CC38006E807F /* Info.plist */ = {isa = PBXFileReference; lastKnownFileType = text.plist.xml; path = Info.plist; sourceTree = "<group>"; };
		DCD4144C23D7CDD0006E807F /* run.h */ = {isa = PBXFileReference; lastKnownFileType = sourcecode.c.h; path = run.h; sourceTree = "<group>"; };
		DCD4144D23D7CDF7006E807F /* run.cpp */ = {isa = PBXFileReference; lastKnownFileType = sourcecode.cpp.cpp; path = run.cpp; sourceTree = "<group>"; };
		DCD4144F23D8FBBD006E807F /* optimizer.cpp */ = {isa = PBXFileReference; lastKnownFileType = sourcecode.cpp.cpp; path = optimizer.cpp; sourceTree = "<group>"; };
		DCD4145023D8FBBD006E807F /* optimizer.hpp */ = {isa = PBXFileReference; lastKnownFileType = sourcecode.cpp.h; path = optimizer.hpp; sourceTree = "<group>"; };
/* End PBXFileReference section */

/* Begin PBXFrameworksBuildPhase section */
		DCD4141E23D69F0C006E807F /* Frameworks */ = {
			isa = PBXFrameworksBuildPhase;
			buildActionMask = 2147483647;
			files = (
			);
			runOnlyForDeploymentPostprocessing = 0;
		};
		DCD4144123D7CC38006E807F /* Frameworks */ = {
			isa = PBXFrameworksBuildPhase;
			buildActionMask = 2147483647;
			files = (
			);
			runOnlyForDeploymentPostprocessing = 0;
		};
/* End PBXFrameworksBuildPhase section */

/* Begin PBXGroup section */
		DCD4141823D69F0B006E807F = {
			isa = PBXGroup;
			children = (
				DCD4142323D69F0C006E807F /* Arithmetic Calculator and Optimizer */,
				DCD4144523D7CC38006E807F /* test */,
				DCD4142223D69F0C006E807F /* Products */,
			);
			sourceTree = "<group>";
		};
		DCD4142223D69F0C006E807F /* Products */ = {
			isa = PBXGroup;
			children = (
				DCD4142123D69F0C006E807F /* Arithmetic Calculator and Optimizer */,
				DCD4144423D7CC38006E807F /* test.xctest */,
			);
			name = Products;
			sourceTree = "<group>";
		};
		DCD4142323D69F0C006E807F /* Arithmetic Calculator and Optimizer */ = {
			isa = PBXGroup;
			children = (
				DCD4143623D6A139006E807F /* expr.hpp */,
				DCD4143823D79560006E807F /* expr.cpp */,
				DCD4144F23D8FBBD006E807F /* optimizer.cpp */,
				DCD4145023D8FBBD006E807F /* optimizer.hpp */,
				DCD4143A23D79596006E807F /* value.cpp */,
				DCD4143B23D79596006E807F /* value.hpp */,
				DCD4143D23D795AD006E807F /* parse.hpp */,
				DCD4143523D6A139006E807F /* parse.cpp */,
				DCD4143E23D795E8006E807F /* main.cpp */,
				DCD4143423D6A139006E807F /* catch.hpp */,
			);
			path = "Arithmetic Calculator and Optimizer";
			sourceTree = "<group>";
		};
		DCD4144523D7CC38006E807F /* test */ = {
			isa = PBXGroup;
			children = (
				DCD4144623D7CC38006E807F /* test.m */,
				DCD4144823D7CC38006E807F /* Info.plist */,
				DCD4144C23D7CDD0006E807F /* run.h */,
				DCD4144D23D7CDF7006E807F /* run.cpp */,
			);
			path = test;
			sourceTree = "<group>";
		};
/* End PBXGroup section */

/* Begin PBXNativeTarget section */
		DCD4142023D69F0C006E807F /* Arithmetic Calculator and Optimizer */ = {
			isa = PBXNativeTarget;
			buildConfigurationList = DCD4142823D69F0C006E807F /* Build configuration list for PBXNativeTarget "Arithmetic Calculator and Optimizer" */;
			buildPhases = (
				DCD4141D23D69F0C006E807F /* Sources */,
				DCD4141E23D69F0C006E807F /* Frameworks */,
				DCD4141F23D69F0C006E807F /* CopyFiles */,
			);
			buildRules = (
			);
			dependencies = (
			);
			name = "Arithmetic Calculator and Optimizer";
			productName = "Arithmetic Calculator and Optimizer";
			productReference = DCD4142123D69F0C006E807F /* Arithmetic Calculator and Optimizer */;
			productType = "com.apple.product-type.tool";
		};
		DCD4144323D7CC38006E807F /* test */ = {
			isa = PBXNativeTarget;
			buildConfigurationList = DCD4144923D7CC38006E807F /* Build configuration list for PBXNativeTarget "test" */;
			buildPhases = (
				DCD4144023D7CC38006E807F /* Sources */,
				DCD4144123D7CC38006E807F /* Frameworks */,
				DCD4144223D7CC38006E807F /* Resources */,
			);
			buildRules = (
			);
			dependencies = (
			);
			name = test;
			productName = test;
			productReference = DCD4144423D7CC38006E807F /* test.xctest */;
			productType = "com.apple.product-type.bundle.unit-test";
		};
/* End PBXNativeTarget section */

/* Begin PBXProject section */
		DCD4141923D69F0C006E807F /* Project object */ = {
			isa = PBXProject;
			attributes = {
				LastUpgradeCheck = 1130;
				ORGANIZATIONNAME = "Xuefeng Xu";
				TargetAttributes = {
					DCD4142023D69F0C006E807F = {
						CreatedOnToolsVersion = 11.3.1;
					};
					DCD4144323D7CC38006E807F = {
						CreatedOnToolsVersion = 11.3.1;
					};
				};
			};
			buildConfigurationList = DCD4141C23D69F0C006E807F /* Build configuration list for PBXProject "Arithmetic Calculator and Optimizer" */;
			compatibilityVersion = "Xcode 9.3";
			developmentRegion = en;
			hasScannedForEncodings = 0;
			knownRegions = (
				en,
				Base,
			);
			mainGroup = DCD4141823D69F0B006E807F;
			productRefGroup = DCD4142223D69F0C006E807F /* Products */;
			projectDirPath = "";
			projectRoot = "";
			targets = (
				DCD4142023D69F0C006E807F /* Arithmetic Calculator and Optimizer */,
				DCD4144323D7CC38006E807F /* test */,
			);
		};
/* End PBXProject section */

/* Begin PBXResourcesBuildPhase section */
		DCD4144223D7CC38006E807F /* Resources */ = {
			isa = PBXResourcesBuildPhase;
			buildActionMask = 2147483647;
			files = (
			);
			runOnlyForDeploymentPostprocessing = 0;
		};
/* End PBXResourcesBuildPhase section */

/* Begin PBXSourcesBuildPhase section */
		DCD4141D23D69F0C006E807F /* Sources */ = {
			isa = PBXSourcesBuildPhase;
			buildActionMask = 2147483647;
			files = (
				DCD4145123D8FBBD006E807F /* optimizer.cpp in Sources */,
				DCD4143923D79560006E807F /* expr.cpp in Sources */,
				DCD4143C23D79596006E807F /* value.cpp in Sources */,
				DCD4143F23D795E8006E807F /* main.cpp in Sources */,
				DCD4143723D6A139006E807F /* parse.cpp in Sources */,
			);
			runOnlyForDeploymentPostprocessing = 0;
		};
		DCD4144023D7CC38006E807F /* Sources */ = {
			isa = PBXSourcesBuildPhase;
			buildActionMask = 2147483647;
			files = (
				DCD4144723D7CC38006E807F /* test.m in Sources */,
				DCD4144E23D7CDF7006E807F /* run.cpp in Sources */,
			);
			runOnlyForDeploymentPostprocessing = 0;
		};
/* End PBXSourcesBuildPhase section */

/* Begin XCBuildConfiguration section */
		DCD4142623D69F0C006E807F /* Debug */ = {
			isa = XCBuildConfiguration;
			buildSettings = {
				ALWAYS_SEARCH_USER_PATHS = NO;
				CLANG_ANALYZER_NONNULL = YES;
				CLANG_ANALYZER_NUMBER_OBJECT_CONVERSION = YES_AGGRESSIVE;
				CLANG_CXX_LANGUAGE_STANDARD = "gnu++14";
				CLANG_CXX_LIBRARY = "libc++";
				CLANG_ENABLE_MODULES = YES;
				CLANG_ENABLE_OBJC_ARC = YES;
				CLANG_ENABLE_OBJC_WEAK = YES;
				CLANG_WARN_BLOCK_CAPTURE_AUTORELEASING = YES;
				CLANG_WARN_BOOL_CONVERSION = YES;
				CLANG_WARN_COMMA = YES;
				CLANG_WARN_CONSTANT_CONVERSION = YES;
				CLANG_WARN_DEPRECATED_OBJC_IMPLEMENTATIONS = YES;
				CLANG_WARN_DIRECT_OBJC_ISA_USAGE = YES_ERROR;
				CLANG_WARN_DOCUMENTATION_COMMENTS = YES;
				CLANG_WARN_EMPTY_BODY = YES;
				CLANG_WARN_ENUM_CONVERSION = YES;
				CLANG_WARN_INFINITE_RECURSION = YES;
				CLANG_WARN_INT_CONVERSION = YES;
				CLANG_WARN_NON_LITERAL_NULL_CONVERSION = YES;
				CLANG_WARN_OBJC_IMPLICIT_RETAIN_SELF = YES;
				CLANG_WARN_OBJC_LITERAL_CONVERSION = YES;
				CLANG_WARN_OBJC_ROOT_CLASS = YES_ERROR;
				CLANG_WARN_RANGE_LOOP_ANALYSIS = YES;
				CLANG_WARN_STRICT_PROTOTYPES = YES;
				CLANG_WARN_SUSPICIOUS_MOVE = YES;
				CLANG_WARN_UNGUARDED_AVAILABILITY = YES_AGGRESSIVE;
				CLANG_WARN_UNREACHABLE_CODE = YES;
				CLANG_WARN__DUPLICATE_METHOD_MATCH = YES;
				COPY_PHASE_STRIP = NO;
				DEBUG_INFORMATION_FORMAT = dwarf;
				ENABLE_STRICT_OBJC_MSGSEND = YES;
				ENABLE_TESTABILITY = YES;
				GCC_C_LANGUAGE_STANDARD = gnu11;
				GCC_DYNAMIC_NO_PIC = NO;
				GCC_NO_COMMON_BLOCKS = YES;
				GCC_OPTIMIZATION_LEVEL = 0;
				GCC_PREPROCESSOR_DEFINITIONS = (
					"DEBUG=1",
					"$(inherited)",
				);
				GCC_WARN_64_TO_32_BIT_CONVERSION = YES;
				GCC_WARN_ABOUT_RETURN_TYPE = YES_ERROR;
				GCC_WARN_UNDECLARED_SELECTOR = YES;
				GCC_WARN_UNINITIALIZED_AUTOS = YES_AGGRESSIVE;
				GCC_WARN_UNUSED_FUNCTION = YES;
				GCC_WARN_UNUSED_VARIABLE = YES;
				MACOSX_DEPLOYMENT_TARGET = 10.15;
				MTL_ENABLE_DEBUG_INFO = INCLUDE_SOURCE;
				MTL_FAST_MATH = YES;
				ONLY_ACTIVE_ARCH = YES;
				SDKROOT = macosx;
			};
			name = Debug;
		};
		DCD4142723D69F0C006E807F /* Release */ = {
			isa = XCBuildConfiguration;
			buildSettings = {
				ALWAYS_SEARCH_USER_PATHS = NO;
				CLANG_ANALYZER_NONNULL = YES;
				CLANG_ANALYZER_NUMBER_OBJECT_CONVERSION = YES_AGGRESSIVE;
				CLANG_CXX_LANGUAGE_STANDARD = "gnu++14";
				CLANG_CXX_LIBRARY = "libc++";
				CLANG_ENABLE_MODULES = YES;
				CLANG_ENABLE_OBJC_ARC = YES;
				CLANG_ENABLE_OBJC_WEAK = YES;
				CLANG_WARN_BLOCK_CAPTURE_AUTORELEASING = YES;
				CLANG_WARN_BOOL_CONVERSION = YES;
				CLANG_WARN_COMMA = YES;
				CLANG_WARN_CONSTANT_CONVERSION = YES;
				CLANG_WARN_DEPRECATED_OBJC_IMPLEMENTATIONS = YES;
				CLANG_WARN_DIRECT_OBJC_ISA_USAGE = YES_ERROR;
				CLANG_WARN_DOCUMENTATION_COMMENTS = YES;
				CLANG_WARN_EMPTY_BODY = YES;
				CLANG_WARN_ENUM_CONVERSION = YES;
				CLANG_WARN_INFINITE_RECURSION = YES;
				CLANG_WARN_INT_CONVERSION = YES;
				CLANG_WARN_NON_LITERAL_NULL_CONVERSION = YES;
				CLANG_WARN_OBJC_IMPLICIT_RETAIN_SELF = YES;
				CLANG_WARN_OBJC_LITERAL_CONVERSION = YES;
				CLANG_WARN_OBJC_ROOT_CLASS = YES_ERROR;
				CLANG_WARN_RANGE_LOOP_ANALYSIS = YES;
				CLANG_WARN_STRICT_PROTOTYPES = YES;
				CLANG_WARN_SUSPICIOUS_MOVE = YES;
				CLANG_WARN_UNGUARDED_AVAILABILITY = YES_AGGRESSIVE;
				CLANG_WARN_UNREACHABLE_CODE = YES;
				CLANG_WARN__DUPLICATE_METHOD_MATCH = YES;
				COPY_PHASE_STRIP = NO;
				DEBUG_INFORMATION_FORMAT = "dwarf-with-dsym";
				ENABLE_NS_ASSERTIONS = NO;
				ENABLE_STRICT_OBJC_MSGSEND = YES;
				GCC_C_LANGUAGE_STANDARD = gnu11;
				GCC_NO_COMMON_BLOCKS = YES;
				GCC_WARN_64_TO_32_BIT_CONVERSION = YES;
				GCC_WARN_ABOUT_RETURN_TYPE = YES_ERROR;
				GCC_WARN_UNDECLARED_SELECTOR = YES;
				GCC_WARN_UNINITIALIZED_AUTOS = YES_AGGRESSIVE;
				GCC_WARN_UNUSED_FUNCTION = YES;
				GCC_WARN_UNUSED_VARIABLE = YES;
				MACOSX_DEPLOYMENT_TARGET = 10.15;
				MTL_ENABLE_DEBUG_INFO = NO;
				MTL_FAST_MATH = YES;
				SDKROOT = macosx;
			};
			name = Release;
		};
		DCD4142923D69F0C006E807F /* Debug */ = {
			isa = XCBuildConfiguration;
			buildSettings = {
				CODE_SIGN_STYLE = Automatic;
				PRODUCT_NAME = "$(TARGET_NAME)";
			};
			name = Debug;
		};
		DCD4142A23D69F0C006E807F /* Release */ = {
			isa = XCBuildConfiguration;
			buildSettings = {
				CODE_SIGN_STYLE = Automatic;
				PRODUCT_NAME = "$(TARGET_NAME)";
			};
			name = Release;
		};
		DCD4144A23D7CC38006E807F /* Debug */ = {
			isa = XCBuildConfiguration;
			buildSettings = {
				CODE_SIGN_STYLE = Automatic;
				COMBINE_HIDPI_IMAGES = YES;
				INFOPLIST_FILE = test/Info.plist;
				LD_RUNPATH_SEARCH_PATHS = (
					"$(inherited)",
					"@executable_path/../Frameworks",
					"@loader_path/../Frameworks",
				);
				PRODUCT_BUNDLE_IDENTIFIER = com.xuefengxu.test;
				PRODUCT_NAME = "$(TARGET_NAME)";
			};
			name = Debug;
		};
		DCD4144B23D7CC38006E807F /* Release */ = {
			isa = XCBuildConfiguration;
			buildSettings = {
				CODE_SIGN_STYLE = Automatic;
				COMBINE_HIDPI_IMAGES = YES;
				INFOPLIST_FILE = test/Info.plist;
				LD_RUNPATH_SEARCH_PATHS = (
					"$(inherited)",
					"@executable_path/../Frameworks",
					"@loader_path/../Frameworks",
				);
				PRODUCT_BUNDLE_IDENTIFIER = com.xuefengxu.test;
				PRODUCT_NAME = "$(TARGET_NAME)";
			};
			name = Release;
		};
/* End XCBuildConfiguration section */

/* Begin XCConfigurationList section */
		DCD4141C23D69F0C006E807F /* Build configuration list for PBXProject "Arithmetic Calculator and Optimizer" */ = {
			isa = XCConfigurationList;
			buildConfigurations = (
				DCD4142623D69F0C006E807F /* Debug */,
				DCD4142723D69F0C006E807F /* Release */,
			);
			defaultConfigurationIsVisible = 0;
			defaultConfigurationName = Release;
		};
		DCD4142823D69F0C006E807F /* Build configuration list for PBXNativeTarget "Arithmetic Calculator and Optimizer" */ = {
			isa = XCConfigurationList;
			buildConfigurations = (
				DCD4142923D69F0C006E807F /* Debug */,
				DCD4142A23D69F0C006E807F /* Release */,
			);
			defaultConfigurationIsVisible = 0;
			defaultConfigurationName = Release;
		};
		DCD4144923D7CC38006E807F /* Build configuration list for PBXNativeTarget "test" */ = {
			isa = XCConfigurationList;
			buildConfigurations = (
				DCD4144A23D7CC38006E807F /* Debug */,
				DCD4144B23D7CC38006E807F /* Release */,
			);
			defaultConfigurationIsVisible = 0;
			defaultConfigurationName = Release;
		};
/* End XCConfigurationList section */
	};
	rootObject = DCD4141923D69F0C006E807F /* Project object */;
}
